PODS:
  - Alamofire (4.2.0)
  - GoogleMaps (2.7.0):
    - GoogleMaps/Maps (= 2.7.0)
  - GoogleMaps/Base (2.7.0)
  - GoogleMaps/Maps (2.7.0):
    - GoogleMaps/Base
  - GooglePlaces (2.7.0):
    - GoogleMaps/Base (= 2.7.0)
  - ObjectMapper (2.2.9)

DEPENDENCIES:
  - Alamofire (~> 4.2.0)
  - GoogleMaps
  - GooglePlaces
  - ObjectMapper (~> 2.2)

SPEC REPOS:
  https://github.com/cocoapods/specs.git:
    - Alamofire
    - GoogleMaps
    - GooglePlaces
    - ObjectMapper

SPEC CHECKSUMS:
  Alamofire: aa2e09d871c9160ac53c90e83c68064a94e3dfbe
  GoogleMaps: f79af95cb24d869457b1f961c93d3ce8b2f3b848
  GooglePlaces: 3d06e6c99654545b4738ce49648745779c25f2ef
  ObjectMapper: 63cfe41bc6f8e7c8f44344c49901b8ae7de14c52

PODFILE CHECKSUM: c7c2c55d9299e58a9facf7801d4838110ff73502

COCOAPODS: 1.5.3
